
Microsoft Visual Studio Solution File, Format Version 12.00
Project("{FAE04EC0-301F-11D3-BF4B-00C04F79EFBC}") = "Water BIlls", "Water BIlls\Water BIlls.csproj", "{22E20683-1C3E-4D21-BE67-A7136A4088E1}"
EndProject
Global
	GlobalSection(SolutionConfigurationPlatforms) = preSolution
		Debug|Any CPU = Debug|Any CPU
		Release|Any CPU = Release|Any CPU
	EndGlobalSection
	GlobalSection(ProjectConfigurationPlatforms) = postSolution
		{22E20683-1C3E-4D21-BE67-A7136A4088E1}.Debug|Any CPU.ActiveCfg = Debug|Any CPU
		{22E20683-1C3E-4D21-BE67-A7136A4088E1}.Debug|Any CPU.Build.0 = Debug|Any CPU
		{22E20683-1C3E-4D21-BE67-A7136A4088E1}.Release|Any CPU.ActiveCfg = Release|Any CPU
		{22E20683-1C3E-4D21-BE67-A7136A4088E1}.Release|Any CPU.Build.0 = Release|Any CPU
	EndGlobalSection
EndGlobal
